// !$*UTF8*$!
{
	archiveVersion = 1;
	classes = {
	};
	objectVersion = 50;
	objects = {

/* Begin PBXBuildFile section */
		14D7B79926FEEACC00F3E37B /* ayla_sound_effectsApp.swift in Sources */ = {isa = PBXBuildFile; fileRef = 14D7B79826FEEACC00F3E37B /* ayla_sound_effectsApp.swift */; };
		14D7B79B26FEEACC00F3E37B /* ContentView.swift in Sources */ = {isa = PBXBuildFile; fileRef = 14D7B79A26FEEACC00F3E37B /* ContentView.swift */; };
		14D7B79D26FEEADF00F3E37B /* Assets.xcassets in Resources */ = {isa = PBXBuildFile; fileRef = 14D7B79C26FEEADF00F3E37B /* Assets.xcassets */; };
		14D7B7A026FEEADF00F3E37B /* Preview Assets.xcassets in Resources */ = {isa = PBXBuildFile; fileRef = 14D7B79F26FEEADF00F3E37B /* Preview Assets.xcassets */; };
		14D7B7AB26FEEAE000F3E37B /* ayla_sound_effectsTests.swift in Sources */ = {isa = PBXBuildFile; fileRef = 14D7B7AA26FEEAE000F3E37B /* ayla_sound_effectsTests.swift */; };
		14D7B7B626FEEAE000F3E37B /* ayla_sound_effectsUITests.swift in Sources */ = {isa = PBXBuildFile; fileRef = 14D7B7B526FEEAE000F3E37B /* ayla_sound_effectsUITests.swift */; };
/* End PBXBuildFile section */

/* Begin PBXContainerItemProxy section */
		14D7B7A726FEEAE000F3E37B /* PBXContainerItemProxy */ = {
			isa = PBXContainerItemProxy;
			containerPortal = 14D7B78D26FEEACC00F3E37B /* Project object */;
			proxyType = 1;
			remoteGlobalIDString = 14D7B79426FEEACC00F3E37B;
			remoteInfo = "ayla-sound-effects";
		};
		14D7B7B226FEEAE000F3E37B /* PBXContainerItemProxy */ = {
			isa = PBXContainerItemProxy;
			containerPortal = 14D7B78D26FEEACC00F3E37B /* Project object */;
			proxyType = 1;
			remoteGlobalIDString = 14D7B79426FEEACC00F3E37B;
			remoteInfo = "ayla-sound-effects";
		};
/* End PBXContainerItemProxy section */

/* Begin PBXFileReference section */
		14D7B79526FEEACC00F3E37B /* ayla-sound-effects.app */ = {isa = PBXFileReference; explicitFileType = wrapper.application; includeInIndex = 0; path = "ayla-sound-effects.app"; sourceTree = BUILT_PRODUCTS_DIR; };
		14D7B79826FEEACC00F3E37B /* ayla_sound_effectsApp.swift */ = {isa = PBXFileReference; lastKnownFileType = sourcecode.swift; path = ayla_sound_effectsApp.swift; sourceTree = "<group>"; };
		14D7B79A26FEEACC00F3E37B /* ContentView.swift */ = {isa = PBXFileReference; lastKnownFileType = sourcecode.swift; path = ContentView.swift; sourceTree = "<group>"; };
		14D7B79C26FEEADF00F3E37B /* Assets.xcassets */ = {isa = PBXFileReference; lastKnownFileType = folder.assetcatalog; path = Assets.xcassets; sourceTree = "<group>"; };
		14D7B79F26FEEADF00F3E37B /* Preview Assets.xcassets */ = {isa = PBXFileReference; lastKnownFileType = folder.assetcatalog; path = "Preview Assets.xcassets"; sourceTree = "<group>"; };
		14D7B7A126FEEADF00F3E37B /* Info.plist */ = {isa = PBXFileReference; lastKnownFileType = text.plist.xml; path = Info.plist; sourceTree = "<group>"; };
		14D7B7A626FEEAE000F3E37B /* ayla-sound-effectsTests.xctest */ = {isa = PBXFileReference; explicitFileType = wrapper.cfbundle; includeInIndex = 0; path = "ayla-sound-effectsTests.xctest"; sourceTree = BUILT_PRODUCTS_DIR; };
		14D7B7AA26FEEAE000F3E37B /* ayla_sound_effectsTests.swift */ = {isa = PBXFileReference; lastKnownFileType = sourcecode.swift; path = ayla_sound_effectsTests.swift; sourceTree = "<group>"; };
		14D7B7AC26FEEAE000F3E37B /* Info.plist */ = {isa = PBXFileReference; lastKnownFileType = text.plist.xml; path = Info.plist; sourceTree = "<group>"; };
		14D7B7B126FEEAE000F3E37B /* ayla-sound-effectsUITests.xctest */ = {isa = PBXFileReference; explicitFileType = wrapper.cfbundle; includeInIndex = 0; path = "ayla-sound-effectsUITests.xctest"; sourceTree = BUILT_PRODUCTS_DIR; };
		14D7B7B526FEEAE000F3E37B /* ayla_sound_effectsUITests.swift */ = {isa = PBXFileReference; lastKnownFileType = sourcecode.swift; path = ayla_sound_effectsUITests.swift; sourceTree = "<group>"; };
		14D7B7B726FEEAE000F3E37B /* Info.plist */ = {isa = PBXFileReference; lastKnownFileType = text.plist.xml; path = Info.plist; sourceTree = "<group>"; };
/* End PBXFileReference section */

/* Begin PBXFrameworksBuildPhase section */
		14D7B79226FEEACC00F3E37B /* Frameworks */ = {
			isa = PBXFrameworksBuildPhase;
			buildActionMask = 2147483647;
			files = (
			);
			runOnlyForDeploymentPostprocessing = 0;
		};
		14D7B7A326FEEAE000F3E37B /* Frameworks */ = {
			isa = PBXFrameworksBuildPhase;
			buildActionMask = 2147483647;
			files = (
			);
			runOnlyForDeploymentPostprocessing = 0;
		};
		14D7B7AE26FEEAE000F3E37B /* Frameworks */ = {
			isa = PBXFrameworksBuildPhase;
			buildActionMask = 2147483647;
			files = (
			);
			runOnlyForDeploymentPostprocessing = 0;
		};
/* End PBXFrameworksBuildPhase section */

/* Begin PBXGroup section */
		14D7B78C26FEEACC00F3E37B = {
			isa = PBXGroup;
			children = (
				14D7B79726FEEACC00F3E37B /* ayla-sound-effects */,
				14D7B7A926FEEAE000F3E37B /* ayla-sound-effectsTests */,
				14D7B7B426FEEAE000F3E37B /* ayla-sound-effectsUITests */,
				14D7B79626FEEACC00F3E37B /* Products */,
			);
			sourceTree = "<group>";
		};
		14D7B79626FEEACC00F3E37B /* Products */ = {
			isa = PBXGroup;
			children = (
				14D7B79526FEEACC00F3E37B /* ayla-sound-effects.app */,
				14D7B7A626FEEAE000F3E37B /* ayla-sound-effectsTests.xctest */,
				14D7B7B126FEEAE000F3E37B /* ayla-sound-effectsUITests.xctest */,
			);
			name = Products;
			sourceTree = "<group>";
		};
		14D7B79726FEEACC00F3E37B /* ayla-sound-effects */ = {
			isa = PBXGroup;
			children = (
				14D7B79826FEEACC00F3E37B /* ayla_sound_effectsApp.swift */,
				14D7B79A26FEEACC00F3E37B /* ContentView.swift */,
				14D7B79C26FEEADF00F3E37B /* Assets.xcassets */,
				14D7B7A126FEEADF00F3E37B /* Info.plist */,
				14D7B79E26FEEADF00F3E37B /* Preview Content */,
			);
			path = "ayla-sound-effects";
			sourceTree = "<group>";
		};
		14D7B79E26FEEADF00F3E37B /* Preview Content */ = {
			isa = PBXGroup;
			children = (
				14D7B79F26FEEADF00F3E37B /* Preview Assets.xcassets */,
			);
			path = "Preview Content";
			sourceTree = "<group>";
		};
		14D7B7A926FEEAE000F3E37B /* ayla-sound-effectsTests */ = {
			isa = PBXGroup;
			children = (
				14D7B7AA26FEEAE000F3E37B /* ayla_sound_effectsTests.swift */,
				14D7B7AC26FEEAE000F3E37B /* Info.plist */,
			);
			path = "ayla-sound-effectsTests";
			sourceTree = "<group>";
		};
		14D7B7B426FEEAE000F3E37B /* ayla-sound-effectsUITests */ = {
			isa = PBXGroup;
			children = (
				14D7B7B526FEEAE000F3E37B /* ayla_sound_effectsUITests.swift */,
				14D7B7B726FEEAE000F3E37B /* Info.plist */,
			);
			path = "ayla-sound-effectsUITests";
			sourceTree = "<group>";
		};
/* End PBXGroup section */

/* Begin PBXNativeTarget section */
		14D7B79426FEEACC00F3E37B /* ayla-sound-effects */ = {
			isa = PBXNativeTarget;
			buildConfigurationList = 14D7B7BA26FEEAE000F3E37B /* Build configuration list for PBXNativeTarget "ayla-sound-effects" */;
			buildPhases = (
				14D7B79126FEEACC00F3E37B /* Sources */,
				14D7B79226FEEACC00F3E37B /* Frameworks */,
				14D7B79326FEEACC00F3E37B /* Resources */,
			);
			buildRules = (
			);
			dependencies = (
			);
			name = "ayla-sound-effects";
			productName = "ayla-sound-effects";
			productReference = 14D7B79526FEEACC00F3E37B /* ayla-sound-effects.app */;
			productType = "com.apple.product-type.application";
		};
		14D7B7A526FEEAE000F3E37B /* ayla-sound-effectsTests */ = {
			isa = PBXNativeTarget;
			buildConfigurationList = 14D7B7BD26FEEAE000F3E37B /* Build configuration list for PBXNativeTarget "ayla-sound-effectsTests" */;
			buildPhases = (
				14D7B7A226FEEAE000F3E37B /* Sources */,
				14D7B7A326FEEAE000F3E37B /* Frameworks */,
				14D7B7A426FEEAE000F3E37B /* Resources */,
			);
			buildRules = (
			);
			dependencies = (
				14D7B7A826FEEAE000F3E37B /* PBXTargetDependency */,
			);
			name = "ayla-sound-effectsTests";
			productName = "ayla-sound-effectsTests";
			productReference = 14D7B7A626FEEAE000F3E37B /* ayla-sound-effectsTests.xctest */;
			productType = "com.apple.product-type.bundle.unit-test";
		};
		14D7B7B026FEEAE000F3E37B /* ayla-sound-effectsUITests */ = {
			isa = PBXNativeTarget;
			buildConfigurationList = 14D7B7C026FEEAE000F3E37B /* Build configuration list for PBXNativeTarget "ayla-sound-effectsUITests" */;
			buildPhases = (
				14D7B7AD26FEEAE000F3E37B /* Sources */,
				14D7B7AE26FEEAE000F3E37B /* Frameworks */,
				14D7B7AF26FEEAE000F3E37B /* Resources */,
			);
			buildRules = (
			);
			dependencies = (
				14D7B7B326FEEAE000F3E37B /* PBXTargetDependency */,
			);
			name = "ayla-sound-effectsUITests";
			productName = "ayla-sound-effectsUITests";
			productReference = 14D7B7B126FEEAE000F3E37B /* ayla-sound-effectsUITests.xctest */;
			productType = "com.apple.product-type.bundle.ui-testing";
		};
/* End PBXNativeTarget section */

/* Begin PBXProject section */
		14D7B78D26FEEACC00F3E37B /* Project object */ = {
			isa = PBXProject;
			attributes = {
				LastSwiftUpdateCheck = 1250;
				LastUpgradeCheck = 1250;
				TargetAttributes = {
					14D7B79426FEEACC00F3E37B = {
						CreatedOnToolsVersion = 12.5.1;
					};
					14D7B7A526FEEAE000F3E37B = {
						CreatedOnToolsVersion = 12.5.1;
						TestTargetID = 14D7B79426FEEACC00F3E37B;
					};
					14D7B7B026FEEAE000F3E37B = {
						CreatedOnToolsVersion = 12.5.1;
						TestTargetID = 14D7B79426FEEACC00F3E37B;
					};
				};
			};
			buildConfigurationList = 14D7B79026FEEACC00F3E37B /* Build configuration list for PBXProject "ayla-sound-effects" */;
			compatibilityVersion = "Xcode 9.3";
			developmentRegion = en;
			hasScannedForEncodings = 0;
			knownRegions = (
				en,
				Base,
			);
			mainGroup = 14D7B78C26FEEACC00F3E37B;
			productRefGroup = 14D7B79626FEEACC00F3E37B /* Products */;
			projectDirPath = "";
			projectRoot = "";
			targets = (
				14D7B79426FEEACC00F3E37B /* ayla-sound-effects */,
				14D7B7A526FEEAE000F3E37B /* ayla-sound-effectsTests */,
				14D7B7B026FEEAE000F3E37B /* ayla-sound-effectsUITests */,
			);
		};
/* End PBXProject section */

/* Begin PBXResourcesBuildPhase section */
		14D7B79326FEEACC00F3E37B /* Resources */ = {
			isa = PBXResourcesBuildPhase;
			buildActionMask = 2147483647;
			files = (
				14D7B7A026FEEADF00F3E37B /* Preview Assets.xcassets in Resources */,
				14D7B79D26FEEADF00F3E37B /* Assets.xcassets in Resources */,
			);
			runOnlyForDeploymentPostprocessing = 0;
		};
		14D7B7A426FEEAE000F3E37B /* Resources */ = {
			isa = PBXResourcesBuildPhase;
			buildActionMask = 2147483647;
			files = (
			);
			runOnlyForDeploymentPostprocessing = 0;
		};
		14D7B7AF26FEEAE000F3E37B /* Resources */ = {
			isa = PBXResourcesBuildPhase;
			buildActionMask = 2147483647;
			files = (
			);
			runOnlyForDeploymentPostprocessing = 0;
		};
/* End PBXResourcesBuildPhase section */

/* Begin PBXSourcesBuildPhase section */
		14D7B79126FEEACC00F3E37B /* Sources */ = {
			isa = PBXSourcesBuildPhase;
			buildActionMask = 2147483647;
			files = (
				14D7B79B26FEEACC00F3E37B /* ContentView.swift in Sources */,
				14D7B79926FEEACC00F3E37B /* ayla_sound_effectsApp.swift in Sources */,
			);
			runOnlyForDeploymentPostprocessing = 0;
		};
		14D7B7A226FEEAE000F3E37B /* Sources */ = {
			isa = PBXSourcesBuildPhase;
			buildActionMask = 2147483647;
			files = (
				14D7B7AB26FEEAE000F3E37B /* ayla_sound_effectsTests.swift in Sources */,
			);
			runOnlyForDeploymentPostprocessing = 0;
		};
		14D7B7AD26FEEAE000F3E37B /* Sources */ = {
			isa = PBXSourcesBuildPhase;
			buildActionMask = 2147483647;
			files = (
				14D7B7B626FEEAE000F3E37B /* ayla_sound_effectsUITests.swift in Sources */,
			);
			runOnlyForDeploymentPostprocessing = 0;
		};
/* End PBXSourcesBuildPhase section */

/* Begin PBXTargetDependency section */
		14D7B7A826FEEAE000F3E37B /* PBXTargetDependency */ = {
			isa = PBXTargetDependency;
			target = 14D7B79426FEEACC00F3E37B /* ayla-sound-effects */;
			targetProxy = 14D7B7A726FEEAE000F3E37B /* PBXContainerItemProxy */;
		};
		14D7B7B326FEEAE000F3E37B /* PBXTargetDependency */ = {
			isa = PBXTargetDependency;
			target = 14D7B79426FEEACC00F3E37B /* ayla-sound-effects */;
			targetProxy = 14D7B7B226FEEAE000F3E37B /* PBXContainerItemProxy */;
		};
/* End PBXTargetDependency section */

/* Begin XCBuildConfiguration section */
		14D7B7B826FEEAE000F3E37B /* Debug */ = {
			isa = XCBuildConfiguration;
			buildSettings = {
				ALWAYS_SEARCH_USER_PATHS = NO;
				CLANG_ANALYZER_NONNULL = YES;
				CLANG_ANALYZER_NUMBER_OBJECT_CONVERSION = YES_AGGRESSIVE;
				CLANG_CXX_LANGUAGE_STANDARD = "gnu++14";
				CLANG_CXX_LIBRARY = "libc++";
				CLANG_ENABLE_MODULES = YES;
				CLANG_ENABLE_OBJC_ARC = YES;
				CLANG_ENABLE_OBJC_WEAK = YES;
				CLANG_WARN_BLOCK_CAPTURE_AUTORELEASING = YES;
				CLANG_WARN_BOOL_CONVERSION = YES;
				CLANG_WARN_COMMA = YES;
				CLANG_WARN_CONSTANT_CONVERSION = YES;
				CLANG_WARN_DEPRECATED_OBJC_IMPLEMENTATIONS = YES;
				CLANG_WARN_DIRECT_OBJC_ISA_USAGE = YES_ERROR;
				CLANG_WARN_DOCUMENTATION_COMMENTS = YES;
				CLANG_WARN_EMPTY_BODY = YES;
				CLANG_WARN_ENUM_CONVERSION = YES;
				CLANG_WARN_INFINITE_RECURSION = YES;
				CLANG_WARN_INT_CONVERSION = YES;
				CLANG_WARN_NON_LITERAL_NULL_CONVERSION = YES;
				CLANG_WARN_OBJC_IMPLICIT_RETAIN_SELF = YES;
				CLANG_WARN_OBJC_LITERAL_CONVERSION = YES;
				CLANG_WARN_OBJC_ROOT_CLASS = YES_ERROR;
				CLANG_WARN_QUOTED_INCLUDE_IN_FRAMEWORK_HEADER = YES;
				CLANG_WARN_RANGE_LOOP_ANALYSIS = YES;
				CLANG_WARN_STRICT_PROTOTYPES = YES;
				CLANG_WARN_SUSPICIOUS_MOVE = YES;
				CLANG_WARN_UNGUARDED_AVAILABILITY = YES_AGGRESSIVE;
				CLANG_WARN_UNREACHABLE_CODE = YES;
				CLANG_WARN__DUPLICATE_METHOD_MATCH = YES;
				COPY_PHASE_STRIP = NO;
				DEBUG_INFORMATION_FORMAT = dwarf;
				ENABLE_STRICT_OBJC_MSGSEND = YES;
				ENABLE_TESTABILITY = YES;
				GCC_C_LANGUAGE_STANDARD = gnu11;
				GCC_DYNAMIC_NO_PIC = NO;
				GCC_NO_COMMON_BLOCKS = YES;
				GCC_OPTIMIZATION_LEVEL = 0;
				GCC_PREPROCESSOR_DEFINITIONS = (
					"DEBUG=1",
					"$(inherited)",
				);
				GCC_WARN_64_TO_32_BIT_CONVERSION = YES;
				GCC_WARN_ABOUT_RETURN_TYPE = YES_ERROR;
				GCC_WARN_UNDECLARED_SELECTOR = YES;
				GCC_WARN_UNINITIALIZED_AUTOS = YES_AGGRESSIVE;
				GCC_WARN_UNUSED_FUNCTION = YES;
				GCC_WARN_UNUSED_VARIABLE = YES;
				IPHONEOS_DEPLOYMENT_TARGET = 14.5;
				MTL_ENABLE_DEBUG_INFO = INCLUDE_SOURCE;
				MTL_FAST_MATH = YES;
				ONLY_ACTIVE_ARCH = YES;
				SDKROOT = iphoneos;
				SWIFT_ACTIVE_COMPILATION_CONDITIONS = DEBUG;
				SWIFT_OPTIMIZATION_LEVEL = "-Onone";
			};
			name = Debug;
		};
		14D7B7B926FEEAE000F3E37B /* Release */ = {
			isa = XCBuildConfiguration;
			buildSettings = {
				ALWAYS_SEARCH_USER_PATHS = NO;
				CLANG_ANALYZER_NONNULL = YES;
				CLANG_ANALYZER_NUMBER_OBJECT_CONVERSION = YES_AGGRESSIVE;
				CLANG_CXX_LANGUAGE_STANDARD = "gnu++14";
				CLANG_CXX_LIBRARY = "libc++";
				CLANG_ENABLE_MODULES = YES;
				CLANG_ENABLE_OBJC_ARC = YES;
				CLANG_ENABLE_OBJC_WEAK = YES;
				CLANG_WARN_BLOCK_CAPTURE_AUTORELEASING = YES;
				CLANG_WARN_BOOL_CONVERSION = YES;
				CLANG_WARN_COMMA = YES;
				CLANG_WARN_CONSTANT_CONVERSION = YES;
				CLANG_WARN_DEPRECATED_OBJC_IMPLEMENTATIONS = YES;
				CLANG_WARN_DIRECT_OBJC_ISA_USAGE = YES_ERROR;
				CLANG_WARN_DOCUMENTATION_COMMENTS = YES;
				CLANG_WARN_EMPTY_BODY = YES;
				CLANG_WARN_ENUM_CONVERSION = YES;
				CLANG_WARN_INFINITE_RECURSION = YES;
				CLANG_WARN_INT_CONVERSION = YES;
				CLANG_WARN_NON_LITERAL_NULL_CONVERSION = YES;
				CLANG_WARN_OBJC_IMPLICIT_RETAIN_SELF = YES;
				CLANG_WARN_OBJC_LITERAL_CONVERSION = YES;
				CLANG_WARN_OBJC_ROOT_CLASS = YES_ERROR;
				CLANG_WARN_QUOTED_INCLUDE_IN_FRAMEWORK_HEADER = YES;
				CLANG_WARN_RANGE_LOOP_ANALYSIS = YES;
				CLANG_WARN_STRICT_PROTOTYPES = YES;
				CLANG_WARN_SUSPICIOUS_MOVE = YES;
				CLANG_WARN_UNGUARDED_AVAILABILITY = YES_AGGRESSIVE;
				CLANG_WARN_UNREACHABLE_CODE = YES;
				CLANG_WARN__DUPLICATE_METHOD_MATCH = YES;
				COPY_PHASE_STRIP = NO;
				DEBUG_INFORMATION_FORMAT = "dwarf-with-dsym";
				ENABLE_NS_ASSERTIONS = NO;
				ENABLE_STRICT_OBJC_MSGSEND = YES;
				GCC_C_LANGUAGE_STANDARD = gnu11;
				GCC_NO_COMMON_BLOCKS = YES;
				GCC_WARN_64_TO_32_BIT_CONVERSION = YES;
				GCC_WARN_ABOUT_RETURN_TYPE = YES_ERROR;
				GCC_WARN_UNDECLARED_SELECTOR = YES;
				GCC_WARN_UNINITIALIZED_AUTOS = YES_AGGRESSIVE;
				GCC_WARN_UNUSED_FUNCTION = YES;
				GCC_WARN_UNUSED_VARIABLE = YES;
				IPHONEOS_DEPLOYMENT_TARGET = 14.5;
				MTL_ENABLE_DEBUG_INFO = NO;
				MTL_FAST_MATH = YES;
				SDKROOT = iphoneos;
				SWIFT_COMPILATION_MODE = wholemodule;
				SWIFT_OPTIMIZATION_LEVEL = "-O";
				VALIDATE_PRODUCT = YES;
			};
			name = Release;
		};
		14D7B7BB26FEEAE000F3E37B /* Debug */ = {
			isa = XCBuildConfiguration;
			buildSettings = {
				ASSETCATALOG_COMPILER_APPICON_NAME = AppIcon;
				ASSETCATALOG_COMPILER_GLOBAL_ACCENT_COLOR_NAME = AccentColor;
				CODE_SIGN_STYLE = Automatic;
				DEVELOPMENT_ASSET_PATHS = "\"ayla-sound-effects/Preview Content\"";
				DEVELOPMENT_TEAM = 7CWK4MCQC7;
				ENABLE_PREVIEWS = YES;
				INFOPLIST_FILE = "ayla-sound-effects/Info.plist";
				IPHONEOS_DEPLOYMENT_TARGET = 14.0;
				LD_RUNPATH_SEARCH_PATHS = (
					"$(inherited)",
					"@executable_path/Frameworks",
				);
				PRODUCT_BUNDLE_IDENTIFIER = "com.andreiliphd.ayla-sound-effects";
				PRODUCT_NAME = "$(TARGET_NAME)";
				SWIFT_VERSION = 5.0;
				TARGETED_DEVICE_FAMILY = "1,2";
			};
			name = Debug;
		};
		14D7B7BC26FEEAE000F3E37B /* Release */ = {
			isa = XCBuildConfiguration;
			buildSettings = {
				ASSETCATALOG_COMPILER_APPICON_NAME = AppIcon;
				ASSETCATALOG_COMPILER_GLOBAL_ACCENT_COLOR_NAME = AccentColor;
				CODE_SIGN_STYLE = Automatic;
				DEVELOPMENT_ASSET_PATHS = "\"ayla-sound-effects/Preview Content\"";
				DEVELOPMENT_TEAM = 7CWK4MCQC7;
				ENABLE_PREVIEWS = YES;
				INFOPLIST_FILE = "ayla-sound-effects/Info.plist";
				IPHONEOS_DEPLOYMENT_TARGET = 14.0;
				LD_RUNPATH_SEARCH_PATHS = (
					"$(inherited)",
					"@executable_path/Frameworks",
				);
				PRODUCT_BUNDLE_IDENTIFIER = "com.andreiliphd.ayla-sound-effects";
				PRODUCT_NAME = "$(TARGET_NAME)";
				SWIFT_VERSION = 5.0;
				TARGETED_DEVICE_FAMILY = "1,2";
			};
			name = Release;
		};
		14D7B7BE26FEEAE000F3E37B /* Debug */ = {
			isa = XCBuildConfiguration;
			buildSettings = {
				ALWAYS_EMBED_SWIFT_STANDARD_LIBRARIES = YES;
				BUNDLE_LOADER = "$(TEST_HOST)";
				CODE_SIGN_STYLE = Automatic;
				DEVELOPMENT_TEAM = 7CWK4MCQC7;
				INFOPLIST_FILE = "ayla-sound-effectsTests/Info.plist";
				IPHONEOS_DEPLOYMENT_TARGET = 14.0;
				LD_RUNPATH_SEARCH_PATHS = (
					"$(inherited)",
					"@executable_path/Frameworks",
					"@loader_path/Frameworks",
				);
				PRODUCT_BUNDLE_IDENTIFIER = "com.andreiliphd.ayla-sound-effectsTests";
				PRODUCT_NAME = "$(TARGET_NAME)";
				SWIFT_VERSION = 5.0;
				TARGETED_DEVICE_FAMILY = "1,2";
				TEST_HOST = "$(BUILT_PRODUCTS_DIR)/ayla-sound-effects.app/ayla-sound-effects";
			};
			name = Debug;
		};
		14D7B7BF26FEEAE000F3E37B /* Release */ = {
			isa = XCBuildConfiguration;
			buildSettings = {
				ALWAYS_EMBED_SWIFT_STANDARD_LIBRARIES = YES;
				BUNDLE_LOADER = "$(TEST_HOST)";
				CODE_SIGN_STYLE = Automatic;
				DEVELOPMENT_TEAM = 7CWK4MCQC7;
				INFOPLIST_FILE = "ayla-sound-effectsTests/Info.plist";
				IPHONEOS_DEPLOYMENT_TARGET = 14.0;
				LD_RUNPATH_SEARCH_PATHS = (
					"$(inherited)",
					"@executable_path/Frameworks",
					"@loader_path/Frameworks",
				);
				PRODUCT_BUNDLE_IDENTIFIER = "com.andreiliphd.ayla-sound-effectsTests";
				PRODUCT_NAME = "$(TARGET_NAME)";
				SWIFT_VERSION = 5.0;
				TARGETED_DEVICE_FAMILY = "1,2";
				TEST_HOST = "$(BUILT_PRODUCTS_DIR)/ayla-sound-effects.app/ayla-sound-effects";
			};
			name = Release;
		};
		14D7B7C126FEEAE000F3E37B /* Debug */ = {
			isa = XCBuildConfiguration;
			buildSettings = {
				ALWAYS_EMBED_SWIFT_STANDARD_LIBRARIES = YES;
				CODE_SIGN_STYLE = Automatic;
				DEVELOPMENT_TEAM = 7CWK4MCQC7;
				INFOPLIST_FILE = "ayla-sound-effectsUITests/Info.plist";
				LD_RUNPATH_SEARCH_PATHS = (
					"$(inherited)",
					"@executable_path/Frameworks",
					"@loader_path/Frameworks",
				);
				PRODUCT_BUNDLE_IDENTIFIER = "com.andreiliphd.ayla-sound-effectsUITests";
				PRODUCT_NAME = "$(TARGET_NAME)";
				SWIFT_VERSION = 5.0;
				TARGETED_DEVICE_FAMILY = "1,2";
				TEST_TARGET_NAME = "ayla-sound-effects";
			};
			name = Debug;
		};
		14D7B7C226FEEAE000F3E37B /* Release */ = {
			isa = XCBuildConfiguration;
			buildSettings = {
				ALWAYS_EMBED_SWIFT_STANDARD_LIBRARIES = YES;
				CODE_SIGN_STYLE = Automatic;
				DEVELOPMENT_TEAM = 7CWK4MCQC7;
				INFOPLIST_FILE = "ayla-sound-effectsUITests/Info.plist";
				LD_RUNPATH_SEARCH_PATHS = (
					"$(inherited)",
					"@executable_path/Frameworks",
					"@loader_path/Frameworks",
				);
				PRODUCT_BUNDLE_IDENTIFIER = "com.andreiliphd.ayla-sound-effectsUITests";
				PRODUCT_NAME = "$(TARGET_NAME)";
				SWIFT_VERSION = 5.0;
				TARGETED_DEVICE_FAMILY = "1,2";
				TEST_TARGET_NAME = "ayla-sound-effects";
			};
			name = Release;
		};
/* End XCBuildConfiguration section */

/* Begin XCConfigurationList section */
		14D7B79026FEEACC00F3E37B /* Build configuration list for PBXProject "ayla-sound-effects" */ = {
			isa = XCConfigurationList;
			buildConfigurations = (
				14D7B7B826FEEAE000F3E37B /* Debug */,
				14D7B7B926FEEAE000F3E37B /* Release */,
			);
			defaultConfigurationIsVisible = 0;
			defaultConfigurationName = Release;
		};
		14D7B7BA26FEEAE000F3E37B /* Build configuration list for PBXNativeTarget "ayla-sound-effects" */ = {
			isa = XCConfigurationList;
			buildConfigurations = (
				14D7B7BB26FEEAE000F3E37B /* Debug */,
				14D7B7BC26FEEAE000F3E37B /* Release */,
			);
			defaultConfigurationIsVisible = 0;
			defaultConfigurationName = Release;
		};
		14D7B7BD26FEEAE000F3E37B /* Build configuration list for PBXNativeTarget "ayla-sound-effectsTests" */ = {
			isa = XCConfigurationList;
			buildConfigurations = (
				14D7B7BE26FEEAE000F3E37B /* Debug */,
				14D7B7BF26FEEAE000F3E37B /* Release */,
			);
			defaultConfigurationIsVisible = 0;
			defaultConfigurationName = Release;
		};
		14D7B7C026FEEAE000F3E37B /* Build configuration list for PBXNativeTarget "ayla-sound-effectsUITests" */ = {
			isa = XCConfigurationList;
			buildConfigurations = (
				14D7B7C126FEEAE000F3E37B /* Debug */,
				14D7B7C226FEEAE000F3E37B /* Release */,
			);
			defaultConfigurationIsVisible = 0;
			defaultConfigurationName = Release;
		};
/* End XCConfigurationList section */
	};
	rootObject = 14D7B78D26FEEACC00F3E37B /* Project object */;
}
